{
  "name": "check-deployed-version",
  "version": "1.0.0",
  "lockfileVersion": 2,
  "requires": true,
  "packages": {
    "": {
      "name": "check-deployed-version",
      "version": "1.0.0",
      "bin": {
        "check-deployed-version": "wait-for-deployment.mjs"
      },
      "devDependencies": {},
      "engines": {
        "node": "20.x"
      }
    }
  }
}
